Microsoft Visual Studio Solution File, Format Version 12.00
# Visual Studio Version 17
VisualStudioVersion = 17.5.2.0
MinimumVisualStudioVersion = 10.0.40219.1
Project("{FAE04EC0-301F-11D3-BF4B-00C04F79EFBC}") = "app-backups-kdrive", "app-backups-kdrive.csproj", "{554D3CA2-74DA-47A0-FFA3-234515569EEA}"
EndProject
Global
	GlobalSection(SolutionConfigurationPlatforms) = preSolution
		Debug|Any CPU = Debug|Any CPU
		Release|Any CPU = Release|Any CPU
	EndGlobalSection
	GlobalSection(ProjectConfigurationPlatforms) = postSolution
		{554D3CA2-74DA-47A0-FFA3-234515569EEA}.Debug|Any CPU.ActiveCfg = Debug|Any CPU
		{554D3CA2-74DA-47A0-FFA3-234515569EEA}.Debug|Any CPU.Build.0 = Debug|Any CPU
		{554D3CA2-74DA-47A0-FFA3-234515569EEA}.Release|Any CPU.ActiveCfg = Release|Any CPU
		{554D3CA2-74DA-47A0-FFA3-234515569EEA}.Release|Any CPU.Build.0 = Release|Any CPU
	EndGlobalSection
	GlobalSection(SolutionProperties) = preSolution
		HideSolutionNode = FALSE
	EndGlobalSection
	GlobalSection(ExtensibilityGlobals) = postSolution
		SolutionGuid = {63E9C259-2AEC-4970-ABB2-45E18D7F89D1}
	EndGlobalSection
EndGlobal
